{
	"requires": true,
	"lockfileVersion": 1,
	"dependencies": {
		"lodash.isplainobject": {
			"version": "4.0.6",
			"resolved": "https://registry.npmjs.org/lodash.isplainobject/-/lodash.isplainobject-4.0.6.tgz",
			"integrity": "sha1-fFJqUtibRcRcxpC4gWO+BJf1UMs="
		},
		"redux-mock-store": {
			"version": "1.5.1",
			"resolved": "https://registry.npmjs.org/redux-mock-store/-/redux-mock-store-1.5.1.tgz",
			"integrity": "sha512-B+iZ98ESHw4EAWVLKUknQlop1OdLKOayGRmd6KavNtC0zoSsycD8hTt0hEr1eUTw2gmYJOdfBY5QAgZweTUcLQ==",
			"requires": {
				"lodash.isplainobject": "^4.0.6"
			}
		}
	}
}
