{
  "name": "@request-kit/model-normalized",
  "version": "0.4.0-alpha.0",
  "lockfileVersion": 1,
  "requires": true,
  "dependencies": {
    "normalizr": {
      "version": "3.6.0",
      "resolved": "https://registry.npmjs.org/normalizr/-/normalizr-3.6.0.tgz",
      "integrity": "sha512-25cd8DiDu+pL46KIaxtVVvvEPjGacJgv0yUg950evr62dQ/ks2JO1kf7+Vi5/rMFjaSTSTls7aCnmRlUSljtiA=="
    }
  }
}
