{
  "name": "@request-kit/model-normalized",
  "version": "0.4.0-alpha.0",
  "lockfileVersion": 1,
  "requires": true,
  "dependencies": {
    "normalizr": {
      "version": "3.4.1",
      "resolved": "https://registry.npmjs.org/normalizr/-/normalizr-3.4.1.tgz",
      "integrity": "sha512-gei+tJucERU8vYN6TFQL2k5YMLX2Yh7nlylKMJC65+Uu/LS3xQCDJc8cies72aHouycKYyVgcnyLRbaJsigXKw=="
    }
  }
}
